
Microsoft Visual Studio Solution File, Format Version 12.00
# Visual Studio 15
VisualStudioVersion = 15.0.27703.2035
MinimumVisualStudioVersion = 10.0.40219.1
Project("{FAE04EC0-301F-11D3-BF4B-00C04F79EFBC}") = "SpaAyurda", "SpaAyurda\SpaAyurda.csproj", "{D8616DC0-FCC2-404B-9E4E-C35EB120188E}"
EndProject
Global
	GlobalSection(SolutionConfigurationPlatforms) = preSolution
		Debug|Any CPU = Debug|Any CPU
		Release|Any CPU = Release|Any CPU
	EndGlobalSection
	GlobalSection(ProjectConfigurationPlatforms) = postSolution
		{D8616DC0-FCC2-404B-9E4E-C35EB120188E}.Debug|Any CPU.ActiveCfg = Debug|Any CPU
		{D8616DC0-FCC2-404B-9E4E-C35EB120188E}.Debug|Any CPU.Build.0 = Debug|Any CPU
		{D8616DC0-FCC2-404B-9E4E-C35EB120188E}.Release|Any CPU.ActiveCfg = Release|Any CPU
		{D8616DC0-FCC2-404B-9E4E-C35EB120188E}.Release|Any CPU.Build.0 = Release|Any CPU
	EndGlobalSection
	GlobalSection(SolutionProperties) = preSolution
		HideSolutionNode = FALSE
	EndGlobalSection
	GlobalSection(ExtensibilityGlobals) = postSolution
		SolutionGuid = {CBBCEF37-3789-4960-9DF0-E37CCDB0AF68}
	EndGlobalSection
EndGlobal
